
Microsoft Visual Studio Solution File, Format Version 12.00
# Visual Studio Version 16
VisualStudioVersion = 16.6.30114.105
MinimumVisualStudioVersion = 10.0.40219.1
Project("{2150E333-8FDC-42A3-9474-1A3956D46DE8}") = "src", "src", "{74290EA3-2F4A-44CD-A0E9-EDF3511C2723}"
EndProject
Project("{2150E333-8FDC-42A3-9474-1A3956D46DE8}") = "Microservices", "Microservices", "{F4A87084-8008-419B-AAF3-E0A295513C45}"
EndProject
Project("{2150E333-8FDC-42A3-9474-1A3956D46DE8}") = "Players", "Players", "{54192226-3E4F-4A2A-A90E-B905D18B5CC0}"
EndProject
Project("{2150E333-8FDC-42A3-9474-1A3956D46DE8}") = "Api", "Api", "{3E6D6718-1F24-4107-8EF9-B64A6672EC79}"
EndProject
Project("{FAE04EC0-301F-11D3-BF4B-00C04F79EFBC}") = "Socca.Players.Api", "src\Microservices\Players\Api\Socca.Players.Api\Socca.Players.Api.csproj", "{16B62142-B633-4769-8E8C-7CE458EA8B7E}"
EndProject
Project("{2150E333-8FDC-42A3-9474-1A3956D46DE8}") = "Application", "Application", "{95E23DDB-7D5B-4886-A1EE-A7B5C6D84D94}"
EndProject
Project("{FAE04EC0-301F-11D3-BF4B-00C04F79EFBC}") = "Socca.Players.Application", "src\Microservices\Players\Application\Socca.Players.Application\Socca.Players.Application.csproj", "{FD71A899-726C-42BF-80CB-D530D9140619}"
EndProject
Project("{2150E333-8FDC-42A3-9474-1A3956D46DE8}") = "Data", "Data", "{7500B1C3-43DB-4E36-B4C3-B175E8621057}"
EndProject
Project("{FAE04EC0-301F-11D3-BF4B-00C04F79EFBC}") = "Socca.Players.Data", "src\Microservices\Players\Data\Socca.Players.Data\Socca.Players.Data.csproj", "{70B9B88C-83E1-470E-B60B-F69A6A1CE694}"
EndProject
Project("{2150E333-8FDC-42A3-9474-1A3956D46DE8}") = "Domain", "Domain", "{84D0C13F-96C3-4F1F-86D9-B601D962E3AE}"
EndProject
Project("{FAE04EC0-301F-11D3-BF4B-00C04F79EFBC}") = "Socca.Players.Domain", "src\Microservices\Players\Domain\Socca.Players.Domain\Socca.Players.Domain.csproj", "{945815A5-1411-435B-A6A6-F3DAA0ACA6F9}"
EndProject
Project("{2150E333-8FDC-42A3-9474-1A3956D46DE8}") = "FootballClub", "FootballClub", "{643E218F-32AB-4E6C-A6CA-C8057D161432}"
EndProject
Project("{2150E333-8FDC-42A3-9474-1A3956D46DE8}") = "Api", "Api", "{117683A2-0CDF-4C0C-B0FE-08D5AC024657}"
EndProject
Project("{FAE04EC0-301F-11D3-BF4B-00C04F79EFBC}") = "Socca.FootballClub.Api", "src\Microservices\FootballClub\Api\Socca.FootballClub.Api\Socca.FootballClub.Api.csproj", "{1B237D49-3FB8-47AE-9007-79A958905C4F}"
EndProject
Project("{2150E333-8FDC-42A3-9474-1A3956D46DE8}") = "Data", "Data", "{7A5D5EE5-C4C7-4D7C-AEDA-03E0AAD6A955}"
EndProject
Project("{FAE04EC0-301F-11D3-BF4B-00C04F79EFBC}") = "Socca.FootballClub.Data", "src\Microservices\FootballClub\Data\Socca.FootballClub.Data\Socca.FootballClub.Data.csproj", "{E9BFFA28-70CC-4AD3-B948-9B4B74FCBE0F}"
EndProject
Project("{2150E333-8FDC-42A3-9474-1A3956D46DE8}") = "Application", "Application", "{D7B6C4EC-22F8-434A-9EC7-54DA4E5F895F}"
EndProject
Project("{FAE04EC0-301F-11D3-BF4B-00C04F79EFBC}") = "Socca.FootballClub.Application", "src\Microservices\FootballClub\Application\Socca.FootballClub.Application\Socca.FootballClub.Application.csproj", "{CC2702A5-0035-4DA4-AF13-938845460173}"
EndProject
Project("{2150E333-8FDC-42A3-9474-1A3956D46DE8}") = "Domain", "Domain", "{1986D55B-DE9D-4A5D-8892-39E056F2EDD3}"
EndProject
Project("{FAE04EC0-301F-11D3-BF4B-00C04F79EFBC}") = "Socca.FootballClub.Domain", "src\Microservices\FootballClub\Domain\Socca.FootballClub.Domain\Socca.FootballClub.Domain.csproj", "{94322281-AFCC-4225-8084-DE7A808924A2}"
EndProject
Project("{2150E333-8FDC-42A3-9474-1A3956D46DE8}") = "Stadium", "Stadium", "{2EE629FE-D1FC-4F98-A609-F6CC430FD2EC}"
EndProject
Project("{2150E333-8FDC-42A3-9474-1A3956D46DE8}") = "Api", "Api", "{2389D542-8028-468D-994D-597B5EF4FF8D}"
EndProject
Project("{FAE04EC0-301F-11D3-BF4B-00C04F79EFBC}") = "Socca.Stadium.Api", "src\Microservices\Stadium\Api\Socca.Stadium.Api\Socca.Stadium.Api.csproj", "{818A6040-3FA1-45E5-A7F0-987CF16C77CC}"
EndProject
Project("{2150E333-8FDC-42A3-9474-1A3956D46DE8}") = "Data", "Data", "{2A448EC7-1BA6-4154-9255-1410EE8EA118}"
EndProject
Project("{FAE04EC0-301F-11D3-BF4B-00C04F79EFBC}") = "Socca.Stadium.Data", "src\Microservices\Stadium\Data\Socca.Stadium.Data\Socca.Stadium.Data.csproj", "{E52949CB-74CA-436E-AF9E-6C0983BD8A18}"
EndProject
Project("{2150E333-8FDC-42A3-9474-1A3956D46DE8}") = "Application", "Application", "{7F7C2BF5-5D4A-4F82-9816-AC9E8DF6D6A0}"
EndProject
Project("{FAE04EC0-301F-11D3-BF4B-00C04F79EFBC}") = "Socca.Stadium.Application", "src\Microservices\Stadium\Application\Socca.Stadium.Application\Socca.Stadium.Application.csproj", "{802B2B71-221E-4BE0-AB17-492924D2691F}"
EndProject
Project("{2150E333-8FDC-42A3-9474-1A3956D46DE8}") = "Domain", "Domain", "{23CB936D-A630-4550-A61D-CCBB7E33B867}"
EndProject
Project("{FAE04EC0-301F-11D3-BF4B-00C04F79EFBC}") = "Socca.Stadium.Domain", "src\Microservices\Stadium\Domain\Socca.Stadium.Domain\Socca.Stadium.Domain.csproj", "{7B2D4608-2483-42FE-94B8-2BF378864E9E}"
EndProject
Project("{2150E333-8FDC-42A3-9474-1A3956D46DE8}") = "Solution Items", "Solution Items", "{18C86E40-35D0-4C78-A6A4-77EE2D874F2A}"
	ProjectSection(SolutionItems) = preProject
		README.md = README.md
	EndProjectSection
EndProject
Project("{2150E333-8FDC-42A3-9474-1A3956D46DE8}") = "PlayerTransfers", "PlayerTransfers", "{3717EA59-1170-4D4F-9E85-841F4C525BC8}"
EndProject
Project("{2150E333-8FDC-42A3-9474-1A3956D46DE8}") = "Data", "Data", "{2C387B44-DFA2-4F4E-A6AB-81632E639D01}"
EndProject
Project("{2150E333-8FDC-42A3-9474-1A3956D46DE8}") = "Domain", "Domain", "{608495B5-588D-44C3-BE3E-106B438F382B}"
EndProject
Project("{2150E333-8FDC-42A3-9474-1A3956D46DE8}") = "Application", "Application", "{91FBF054-C589-4177-BCB9-B996E3D4DADD}"
EndProject
Project("{FAE04EC0-301F-11D3-BF4B-00C04F79EFBC}") = "Socca.PlayerTransfers.Application", "src\Microservices\PlayerTransfers\Application\Socca.PlayerTransfers.Application\Socca.PlayerTransfers.Application.csproj", "{28A42545-6196-448B-BE3C-DABF5E90B19B}"
EndProject
Project("{FAE04EC0-301F-11D3-BF4B-00C04F79EFBC}") = "Socca.PlayerTransfers.Data", "src\Microservices\PlayerTransfers\Data\Socca.PlayerTransfers.Data\Socca.PlayerTransfers.Data.csproj", "{C6388B4D-C90C-4A47-A0EC-28517F046F9B}"
EndProject
Project("{FAE04EC0-301F-11D3-BF4B-00C04F79EFBC}") = "Socca.PlayerTransfers.Domain", "src\Microservices\PlayerTransfers\Domain\Socca.PlayerTransfers.Domain\Socca.PlayerTransfers.Domain.csproj", "{225D81CC-8910-40E2-BB83-1DB69A397368}"
EndProject
Project("{2150E333-8FDC-42A3-9474-1A3956D46DE8}") = "Api", "Api", "{46BD7536-9654-430A-AB6E-25FAE9FF529F}"
EndProject
Project("{FAE04EC0-301F-11D3-BF4B-00C04F79EFBC}") = "Socca.PlayerTransfers.Api", "src\Microservices\PlayerTransfers\Api\Socca.PlayerTransfers.Api\Socca.PlayerTransfers.Api.csproj", "{09E6B4D5-55F9-4AAB-8515-A9F24453374A}"
EndProject
Project("{2150E333-8FDC-42A3-9474-1A3956D46DE8}") = "FootballClubStadium", "FootballClubStadium", "{3C176620-55AB-4402-B6E0-2BB4E9EF1145}"
EndProject
Project("{2150E333-8FDC-42A3-9474-1A3956D46DE8}") = "Api", "Api", "{7448D639-29D8-49D4-BFBC-1DFDAC775D6E}"
EndProject
Project("{FAE04EC0-301F-11D3-BF4B-00C04F79EFBC}") = "Socca.FootballClubStadium.Api", "src\Microservices\FootballClubStadium\Api\Socca.FootballClubStadium.Api\Socca.FootballClubStadium.Api.csproj", "{B421B9CD-010F-4235-ABF7-20A66E920472}"
EndProject
Project("{2150E333-8FDC-42A3-9474-1A3956D46DE8}") = "Data", "Data", "{78BD9FF8-AD67-4DD1-8F48-D272A5A7A8B2}"
EndProject
Project("{FAE04EC0-301F-11D3-BF4B-00C04F79EFBC}") = "Socca.FootballClubStadium.Data", "src\Microservices\FootballClubStadium\Data\Socca.FootballClubStadium.Data\Socca.FootballClubStadium.Data.csproj", "{BC9498EC-3423-4B93-9E55-2781DF3AD268}"
EndProject
Project("{2150E333-8FDC-42A3-9474-1A3956D46DE8}") = "Domain", "Domain", "{30AB39E3-4EFB-4C08-AFB9-DC5974D860FD}"
EndProject
Project("{2150E333-8FDC-42A3-9474-1A3956D46DE8}") = "Application", "Application", "{A2845013-99CC-4063-9B8A-9BA55712327B}"
EndProject
Project("{FAE04EC0-301F-11D3-BF4B-00C04F79EFBC}") = "Socca.FootballClubStadium.Application", "src\Microservices\FootballClubStadium\Application\Socca.FootballClubStadium.Application\Socca.FootballClubStadium.Application.csproj", "{6EF2853D-AB9F-4084-9FC7-680A9ED2FB91}"
EndProject
Project("{FAE04EC0-301F-11D3-BF4B-00C04F79EFBC}") = "Socca.FootballClubStadium.Domain", "src\Microservices\FootballClubStadium\Domain\Socca.FootballClubStadium.Domain\Socca.FootballClubStadium.Domain.csproj", "{516D990A-3D4F-4FD2-8287-C3BC328B6BDE}"
EndProject
Project("{2150E333-8FDC-42A3-9474-1A3956D46DE8}") = "tests", "tests", "{B0966620-981B-45DC-8062-562BEAAA200A}"
EndProject
Project("{2150E333-8FDC-42A3-9474-1A3956D46DE8}") = "Microservices.Tests", "Microservices.Tests", "{C9D4C8A5-05E6-4AAB-A573-66728CC6CE96}"
EndProject
Project("{2150E333-8FDC-42A3-9474-1A3956D46DE8}") = "Players.Tests", "Players.Tests", "{FB864CD0-4EA9-451E-9109-98E565CB9245}"
EndProject
Project("{FAE04EC0-301F-11D3-BF4B-00C04F79EFBC}") = "Socca.Player.Tests.UnitTests", "tests\Microservices.Tests\Players.Tests\Socca.Player.Tests.UnitTests\Socca.Player.Tests.UnitTests.csproj", "{0FD833E9-CD4C-4E5B-8655-B95E40BD2CE6}"
EndProject
Project("{2150E333-8FDC-42A3-9474-1A3956D46DE8}") = "Stadium.Tests", "Stadium.Tests", "{C486114B-A653-4586-A63D-5EF1CE6B9F98}"
EndProject
Project("{FAE04EC0-301F-11D3-BF4B-00C04F79EFBC}") = "Socca.Stadium.Tests.UnitTests", "tests\Microservices.Tests\Stadium.Tests\Socca.Stadium.Tests.UnitTests\Socca.Stadium.Tests.UnitTests.csproj", "{5E521A35-C573-4F87-A767-9A5EC7B91147}"
EndProject
Project("{2150E333-8FDC-42A3-9474-1A3956D46DE8}") = "FootballClub.Tests", "FootballClub.Tests", "{08889FBE-C066-498A-A223-31C2FAB76178}"
EndProject
Project("{FAE04EC0-301F-11D3-BF4B-00C04F79EFBC}") = "Socca.FootballClub.Tests.UnitTests", "tests\Microservices.Tests\FootballClub.Tests\Socca.FootballClub.Tests.UnitTests\Socca.FootballClub.Tests.UnitTests.csproj", "{7B992210-92A2-4F2D-8824-57EEA5609E38}"
EndProject
Project("{2150E333-8FDC-42A3-9474-1A3956D46DE8}") = "FootballClubStadium.Tests", "FootballClubStadium.Tests", "{1AA5F0B0-49CE-4A6F-A443-BFBBB0BF3FB0}"
EndProject
Project("{FAE04EC0-301F-11D3-BF4B-00C04F79EFBC}") = "Socca.FootballClubStadium.Tests.UnitTests", "tests\Microservices.Tests\FootballClubStadium.Tests\Socca.FootballClubStadium.Tests.UnitTests\Socca.FootballClubStadium.Tests.UnitTests.csproj", "{4004C179-5020-441D-90CA-4F566A4B2DA4}"
EndProject
Project("{2150E333-8FDC-42A3-9474-1A3956D46DE8}") = "PlayerTransfers.Tests", "PlayerTransfers.Tests", "{9FBFCD4A-5CA8-405F-8942-65208D88D9B1}"
EndProject
Project("{FAE04EC0-301F-11D3-BF4B-00C04F79EFBC}") = "Socca.PlayerTransfers.Tests.UnitTests", "tests\Microservices.Tests\PlayerTransfers.Tests\Socca.PlayerTransfers.Tests.UnitTests\Socca.PlayerTransfers.Tests.UnitTests.csproj", "{3181D71A-3B80-4C5D-86A8-8D94DDC44CCC}"
EndProject
Global
	GlobalSection(SolutionConfigurationPlatforms) = preSolution
		Debug|Any CPU = Debug|Any CPU
		Debug|x64 = Debug|x64
		Debug|x86 = Debug|x86
		Release|Any CPU = Release|Any CPU
		Release|x64 = Release|x64
		Release|x86 = Release|x86
	EndGlobalSection
	GlobalSection(SolutionProperties) = preSolution
		HideSolutionNode = FALSE
	EndGlobalSection
	GlobalSection(ProjectConfigurationPlatforms) = postSolution
		{16B62142-B633-4769-8E8C-7CE458EA8B7E}.Debug|Any CPU.ActiveCfg = Debug|Any CPU
		{16B62142-B633-4769-8E8C-7CE458EA8B7E}.Debug|Any CPU.Build.0 = Debug|Any CPU
		{16B62142-B633-4769-8E8C-7CE458EA8B7E}.Debug|x64.ActiveCfg = Debug|Any CPU
		{16B62142-B633-4769-8E8C-7CE458EA8B7E}.Debug|x64.Build.0 = Debug|Any CPU
		{16B62142-B633-4769-8E8C-7CE458EA8B7E}.Debug|x86.ActiveCfg = Debug|Any CPU
		{16B62142-B633-4769-8E8C-7CE458EA8B7E}.Debug|x86.Build.0 = Debug|Any CPU
		{16B62142-B633-4769-8E8C-7CE458EA8B7E}.Release|Any CPU.ActiveCfg = Release|Any CPU
		{16B62142-B633-4769-8E8C-7CE458EA8B7E}.Release|Any CPU.Build.0 = Release|Any CPU
		{16B62142-B633-4769-8E8C-7CE458EA8B7E}.Release|x64.ActiveCfg = Release|Any CPU
		{16B62142-B633-4769-8E8C-7CE458EA8B7E}.Release|x64.Build.0 = Release|Any CPU
		{16B62142-B633-4769-8E8C-7CE458EA8B7E}.Release|x86.ActiveCfg = Release|Any CPU
		{16B62142-B633-4769-8E8C-7CE458EA8B7E}.Release|x86.Build.0 = Release|Any CPU
		{FD71A899-726C-42BF-80CB-D530D9140619}.Debug|Any CPU.ActiveCfg = Debug|Any CPU
		{FD71A899-726C-42BF-80CB-D530D9140619}.Debug|Any CPU.Build.0 = Debug|Any CPU
		{FD71A899-726C-42BF-80CB-D530D9140619}.Debug|x64.ActiveCfg = Debug|Any CPU
		{FD71A899-726C-42BF-80CB-D530D9140619}.Debug|x64.Build.0 = Debug|Any CPU
		{FD71A899-726C-42BF-80CB-D530D9140619}.Debug|x86.ActiveCfg = Debug|Any CPU
		{FD71A899-726C-42BF-80CB-D530D9140619}.Debug|x86.Build.0 = Debug|Any CPU
		{FD71A899-726C-42BF-80CB-D530D9140619}.Release|Any CPU.ActiveCfg = Release|Any CPU
		{FD71A899-726C-42BF-80CB-D530D9140619}.Release|Any CPU.Build.0 = Release|Any CPU
		{FD71A899-726C-42BF-80CB-D530D9140619}.Release|x64.ActiveCfg = Release|Any CPU
		{FD71A899-726C-42BF-80CB-D530D9140619}.Release|x64.Build.0 = Release|Any CPU
		{FD71A899-726C-42BF-80CB-D530D9140619}.Release|x86.ActiveCfg = Release|Any CPU
		{FD71A899-726C-42BF-80CB-D530D9140619}.Release|x86.Build.0 = Release|Any CPU
		{70B9B88C-83E1-470E-B60B-F69A6A1CE694}.Debug|Any CPU.ActiveCfg = Debug|Any CPU
		{70B9B88C-83E1-470E-B60B-F69A6A1CE694}.Debug|Any CPU.Build.0 = Debug|Any CPU
		{70B9B88C-83E1-470E-B60B-F69A6A1CE694}.Debug|x64.ActiveCfg = Debug|Any CPU
		{70B9B88C-83E1-470E-B60B-F69A6A1CE694}.Debug|x64.Build.0 = Debug|Any CPU
		{70B9B88C-83E1-470E-B60B-F69A6A1CE694}.Debug|x86.ActiveCfg = Debug|Any CPU
		{70B9B88C-83E1-470E-B60B-F69A6A1CE694}.Debug|x86.Build.0 = Debug|Any CPU
		{70B9B88C-83E1-470E-B60B-F69A6A1CE694}.Release|Any CPU.ActiveCfg = Release|Any CPU
		{70B9B88C-83E1-470E-B60B-F69A6A1CE694}.Release|Any CPU.Build.0 = Release|Any CPU
		{70B9B88C-83E1-470E-B60B-F69A6A1CE694}.Release|x64.ActiveCfg = Release|Any CPU
		{70B9B88C-83E1-470E-B60B-F69A6A1CE694}.Release|x64.Build.0 = Release|Any CPU
		{70B9B88C-83E1-470E-B60B-F69A6A1CE694}.Release|x86.ActiveCfg = Release|Any CPU
		{70B9B88C-83E1-470E-B60B-F69A6A1CE694}.Release|x86.Build.0 = Release|Any CPU
		{945815A5-1411-435B-A6A6-F3DAA0ACA6F9}.Debug|Any CPU.ActiveCfg = Debug|Any CPU
		{945815A5-1411-435B-A6A6-F3DAA0ACA6F9}.Debug|Any CPU.Build.0 = Debug|Any CPU
		{945815A5-1411-435B-A6A6-F3DAA0ACA6F9}.Debug|x64.ActiveCfg = Debug|Any CPU
		{945815A5-1411-435B-A6A6-F3DAA0ACA6F9}.Debug|x64.Build.0 = Debug|Any CPU
		{945815A5-1411-435B-A6A6-F3DAA0ACA6F9}.Debug|x86.ActiveCfg = Debug|Any CPU
		{945815A5-1411-435B-A6A6-F3DAA0ACA6F9}.Debug|x86.Build.0 = Debug|Any CPU
		{945815A5-1411-435B-A6A6-F3DAA0ACA6F9}.Release|Any CPU.ActiveCfg = Release|Any CPU
		{945815A5-1411-435B-A6A6-F3DAA0ACA6F9}.Release|Any CPU.Build.0 = Release|Any CPU
		{945815A5-1411-435B-A6A6-F3DAA0ACA6F9}.Release|x64.ActiveCfg = Release|Any CPU
		{945815A5-1411-435B-A6A6-F3DAA0ACA6F9}.Release|x64.Build.0 = Release|Any CPU
		{945815A5-1411-435B-A6A6-F3DAA0ACA6F9}.Release|x86.ActiveCfg = Release|Any CPU
		{945815A5-1411-435B-A6A6-F3DAA0ACA6F9}.Release|x86.Build.0 = Release|Any CPU
		{1B237D49-3FB8-47AE-9007-79A958905C4F}.Debug|Any CPU.ActiveCfg = Debug|Any CPU
		{1B237D49-3FB8-47AE-9007-79A958905C4F}.Debug|Any CPU.Build.0 = Debug|Any CPU
		{1B237D49-3FB8-47AE-9007-79A958905C4F}.Debug|x64.ActiveCfg = Debug|Any CPU
		{1B237D49-3FB8-47AE-9007-79A958905C4F}.Debug|x64.Build.0 = Debug|Any CPU
		{1B237D49-3FB8-47AE-9007-79A958905C4F}.Debug|x86.ActiveCfg = Debug|Any CPU
		{1B237D49-3FB8-47AE-9007-79A958905C4F}.Debug|x86.Build.0 = Debug|Any CPU
		{1B237D49-3FB8-47AE-9007-79A958905C4F}.Release|Any CPU.ActiveCfg = Release|Any CPU
		{1B237D49-3FB8-47AE-9007-79A958905C4F}.Release|Any CPU.Build.0 = Release|Any CPU
		{1B237D49-3FB8-47AE-9007-79A958905C4F}.Release|x64.ActiveCfg = Release|Any CPU
		{1B237D49-3FB8-47AE-9007-79A958905C4F}.Release|x64.Build.0 = Release|Any CPU
		{1B237D49-3FB8-47AE-9007-79A958905C4F}.Release|x86.ActiveCfg = Release|Any CPU
		{1B237D49-3FB8-47AE-9007-79A958905C4F}.Release|x86.Build.0 = Release|Any CPU
		{E9BFFA28-70CC-4AD3-B948-9B4B74FCBE0F}.Debug|Any CPU.ActiveCfg = Debug|Any CPU
		{E9BFFA28-70CC-4AD3-B948-9B4B74FCBE0F}.Debug|Any CPU.Build.0 = Debug|Any CPU
		{E9BFFA28-70CC-4AD3-B948-9B4B74FCBE0F}.Debug|x64.ActiveCfg = Debug|Any CPU
		{E9BFFA28-70CC-4AD3-B948-9B4B74FCBE0F}.Debug|x64.Build.0 = Debug|Any CPU
		{E9BFFA28-70CC-4AD3-B948-9B4B74FCBE0F}.Debug|x86.ActiveCfg = Debug|Any CPU
		{E9BFFA28-70CC-4AD3-B948-9B4B74FCBE0F}.Debug|x86.Build.0 = Debug|Any CPU
		{E9BFFA28-70CC-4AD3-B948-9B4B74FCBE0F}.Release|Any CPU.ActiveCfg = Release|Any CPU
		{E9BFFA28-70CC-4AD3-B948-9B4B74FCBE0F}.Release|Any CPU.Build.0 = Release|Any CPU
		{E9BFFA28-70CC-4AD3-B948-9B4B74FCBE0F}.Release|x64.ActiveCfg = Release|Any CPU
		{E9BFFA28-70CC-4AD3-B948-9B4B74FCBE0F}.Release|x64.Build.0 = Release|Any CPU
		{E9BFFA28-70CC-4AD3-B948-9B4B74FCBE0F}.Release|x86.ActiveCfg = Release|Any CPU
		{E9BFFA28-70CC-4AD3-B948-9B4B74FCBE0F}.Release|x86.Build.0 = Release|Any CPU
		{CC2702A5-0035-4DA4-AF13-938845460173}.Debug|Any CPU.ActiveCfg = Debug|Any CPU
		{CC2702A5-0035-4DA4-AF13-938845460173}.Debug|Any CPU.Build.0 = Debug|Any CPU
		{CC2702A5-0035-4DA4-AF13-938845460173}.Debug|x64.ActiveCfg = Debug|Any CPU
		{CC2702A5-0035-4DA4-AF13-938845460173}.Debug|x64.Build.0 = Debug|Any CPU
		{CC2702A5-0035-4DA4-AF13-938845460173}.Debug|x86.ActiveCfg = Debug|Any CPU
		{CC2702A5-0035-4DA4-AF13-938845460173}.Debug|x86.Build.0 = Debug|Any CPU
		{CC2702A5-0035-4DA4-AF13-938845460173}.Release|Any CPU.ActiveCfg = Release|Any CPU
		{CC2702A5-0035-4DA4-AF13-938845460173}.Release|Any CPU.Build.0 = Release|Any CPU
		{CC2702A5-0035-4DA4-AF13-938845460173}.Release|x64.ActiveCfg = Release|Any CPU
		{CC2702A5-0035-4DA4-AF13-938845460173}.Release|x64.Build.0 = Release|Any CPU
		{CC2702A5-0035-4DA4-AF13-938845460173}.Release|x86.ActiveCfg = Release|Any CPU
		{CC2702A5-0035-4DA4-AF13-938845460173}.Release|x86.Build.0 = Release|Any CPU
		{94322281-AFCC-4225-8084-DE7A808924A2}.Debug|Any CPU.ActiveCfg = Debug|Any CPU
		{94322281-AFCC-4225-8084-DE7A808924A2}.Debug|Any CPU.Build.0 = Debug|Any CPU
		{94322281-AFCC-4225-8084-DE7A808924A2}.Debug|x64.ActiveCfg = Debug|Any CPU
		{94322281-AFCC-4225-8084-DE7A808924A2}.Debug|x64.Build.0 = Debug|Any CPU
		{94322281-AFCC-4225-8084-DE7A808924A2}.Debug|x86.ActiveCfg = Debug|Any CPU
		{94322281-AFCC-4225-8084-DE7A808924A2}.Debug|x86.Build.0 = Debug|Any CPU
		{94322281-AFCC-4225-8084-DE7A808924A2}.Release|Any CPU.ActiveCfg = Release|Any CPU
		{94322281-AFCC-4225-8084-DE7A808924A2}.Release|Any CPU.Build.0 = Release|Any CPU
		{94322281-AFCC-4225-8084-DE7A808924A2}.Release|x64.ActiveCfg = Release|Any CPU
		{94322281-AFCC-4225-8084-DE7A808924A2}.Release|x64.Build.0 = Release|Any CPU
		{94322281-AFCC-4225-8084-DE7A808924A2}.Release|x86.ActiveCfg = Release|Any CPU
		{94322281-AFCC-4225-8084-DE7A808924A2}.Release|x86.Build.0 = Release|Any CPU
		{818A6040-3FA1-45E5-A7F0-987CF16C77CC}.Debug|Any CPU.ActiveCfg = Debug|Any CPU
		{818A6040-3FA1-45E5-A7F0-987CF16C77CC}.Debug|Any CPU.Build.0 = Debug|Any CPU
		{818A6040-3FA1-45E5-A7F0-987CF16C77CC}.Debug|x64.ActiveCfg = Debug|Any CPU
		{818A6040-3FA1-45E5-A7F0-987CF16C77CC}.Debug|x64.Build.0 = Debug|Any CPU
		{818A6040-3FA1-45E5-A7F0-987CF16C77CC}.Debug|x86.ActiveCfg = Debug|Any CPU
		{818A6040-3FA1-45E5-A7F0-987CF16C77CC}.Debug|x86.Build.0 = Debug|Any CPU
		{818A6040-3FA1-45E5-A7F0-987CF16C77CC}.Release|Any CPU.ActiveCfg = Release|Any CPU
		{818A6040-3FA1-45E5-A7F0-987CF16C77CC}.Release|Any CPU.Build.0 = Release|Any CPU
		{818A6040-3FA1-45E5-A7F0-987CF16C77CC}.Release|x64.ActiveCfg = Release|Any CPU
		{818A6040-3FA1-45E5-A7F0-987CF16C77CC}.Release|x64.Build.0 = Release|Any CPU
		{818A6040-3FA1-45E5-A7F0-987CF16C77CC}.Release|x86.ActiveCfg = Release|Any CPU
		{818A6040-3FA1-45E5-A7F0-987CF16C77CC}.Release|x86.Build.0 = Release|Any CPU
		{E52949CB-74CA-436E-AF9E-6C0983BD8A18}.Debug|Any CPU.ActiveCfg = Debug|Any CPU
		{E52949CB-74CA-436E-AF9E-6C0983BD8A18}.Debug|Any CPU.Build.0 = Debug|Any CPU
		{E52949CB-74CA-436E-AF9E-6C0983BD8A18}.Debug|x64.ActiveCfg = Debug|Any CPU
		{E52949CB-74CA-436E-AF9E-6C0983BD8A18}.Debug|x64.Build.0 = Debug|Any CPU
		{E52949CB-74CA-436E-AF9E-6C0983BD8A18}.Debug|x86.ActiveCfg = Debug|Any CPU
		{E52949CB-74CA-436E-AF9E-6C0983BD8A18}.Debug|x86.Build.0 = Debug|Any CPU
		{E52949CB-74CA-436E-AF9E-6C0983BD8A18}.Release|Any CPU.ActiveCfg = Release|Any CPU
		{E52949CB-74CA-436E-AF9E-6C0983BD8A18}.Release|Any CPU.Build.0 = Release|Any CPU
		{E52949CB-74CA-436E-AF9E-6C0983BD8A18}.Release|x64.ActiveCfg = Release|Any CPU
		{E52949CB-74CA-436E-AF9E-6C0983BD8A18}.Release|x64.Build.0 = Release|Any CPU
		{E52949CB-74CA-436E-AF9E-6C0983BD8A18}.Release|x86.ActiveCfg = Release|Any CPU
		{E52949CB-74CA-436E-AF9E-6C0983BD8A18}.Release|x86.Build.0 = Release|Any CPU
		{802B2B71-221E-4BE0-AB17-492924D2691F}.Debug|Any CPU.ActiveCfg = Debug|Any CPU
		{802B2B71-221E-4BE0-AB17-492924D2691F}.Debug|Any CPU.Build.0 = Debug|Any CPU
		{802B2B71-221E-4BE0-AB17-492924D2691F}.Debug|x64.ActiveCfg = Debug|Any CPU
		{802B2B71-221E-4BE0-AB17-492924D2691F}.Debug|x64.Build.0 = Debug|Any CPU
		{802B2B71-221E-4BE0-AB17-492924D2691F}.Debug|x86.ActiveCfg = Debug|Any CPU
		{802B2B71-221E-4BE0-AB17-492924D2691F}.Debug|x86.Build.0 = Debug|Any CPU
		{802B2B71-221E-4BE0-AB17-492924D2691F}.Release|Any CPU.ActiveCfg = Release|Any CPU
		{802B2B71-221E-4BE0-AB17-492924D2691F}.Release|Any CPU.Build.0 = Release|Any CPU
		{802B2B71-221E-4BE0-AB17-492924D2691F}.Release|x64.ActiveCfg = Release|Any CPU
		{802B2B71-221E-4BE0-AB17-492924D2691F}.Release|x64.Build.0 = Release|Any CPU
		{802B2B71-221E-4BE0-AB17-492924D2691F}.Release|x86.ActiveCfg = Release|Any CPU
		{802B2B71-221E-4BE0-AB17-492924D2691F}.Release|x86.Build.0 = Release|Any CPU
		{7B2D4608-2483-42FE-94B8-2BF378864E9E}.Debug|Any CPU.ActiveCfg = Debug|Any CPU
		{7B2D4608-2483-42FE-94B8-2BF378864E9E}.Debug|Any CPU.Build.0 = Debug|Any CPU
		{7B2D4608-2483-42FE-94B8-2BF378864E9E}.Debug|x64.ActiveCfg = Debug|Any CPU
		{7B2D4608-2483-42FE-94B8-2BF378864E9E}.Debug|x64.Build.0 = Debug|Any CPU
		{7B2D4608-2483-42FE-94B8-2BF378864E9E}.Debug|x86.ActiveCfg = Debug|Any CPU
		{7B2D4608-2483-42FE-94B8-2BF378864E9E}.Debug|x86.Build.0 = Debug|Any CPU
		{7B2D4608-2483-42FE-94B8-2BF378864E9E}.Release|Any CPU.ActiveCfg = Release|Any CPU
		{7B2D4608-2483-42FE-94B8-2BF378864E9E}.Release|Any CPU.Build.0 = Release|Any CPU
		{7B2D4608-2483-42FE-94B8-2BF378864E9E}.Release|x64.ActiveCfg = Release|Any CPU
		{7B2D4608-2483-42FE-94B8-2BF378864E9E}.Release|x64.Build.0 = Release|Any CPU
		{7B2D4608-2483-42FE-94B8-2BF378864E9E}.Release|x86.ActiveCfg = Release|Any CPU
		{7B2D4608-2483-42FE-94B8-2BF378864E9E}.Release|x86.Build.0 = Release|Any CPU
		{28A42545-6196-448B-BE3C-DABF5E90B19B}.Debug|Any CPU.ActiveCfg = Debug|Any CPU
		{28A42545-6196-448B-BE3C-DABF5E90B19B}.Debug|Any CPU.Build.0 = Debug|Any CPU
		{28A42545-6196-448B-BE3C-DABF5E90B19B}.Debug|x64.ActiveCfg = Debug|Any CPU
		{28A42545-6196-448B-BE3C-DABF5E90B19B}.Debug|x64.Build.0 = Debug|Any CPU
		{28A42545-6196-448B-BE3C-DABF5E90B19B}.Debug|x86.ActiveCfg = Debug|Any CPU
		{28A42545-6196-448B-BE3C-DABF5E90B19B}.Debug|x86.Build.0 = Debug|Any CPU
		{28A42545-6196-448B-BE3C-DABF5E90B19B}.Release|Any CPU.ActiveCfg = Release|Any CPU
		{28A42545-6196-448B-BE3C-DABF5E90B19B}.Release|Any CPU.Build.0 = Release|Any CPU
		{28A42545-6196-448B-BE3C-DABF5E90B19B}.Release|x64.ActiveCfg = Release|Any CPU
		{28A42545-6196-448B-BE3C-DABF5E90B19B}.Release|x64.Build.0 = Release|Any CPU
		{28A42545-6196-448B-BE3C-DABF5E90B19B}.Release|x86.ActiveCfg = Release|Any CPU
		{28A42545-6196-448B-BE3C-DABF5E90B19B}.Release|x86.Build.0 = Release|Any CPU
		{C6388B4D-C90C-4A47-A0EC-28517F046F9B}.Debug|Any CPU.ActiveCfg = Debug|Any CPU
		{C6388B4D-C90C-4A47-A0EC-28517F046F9B}.Debug|Any CPU.Build.0 = Debug|Any CPU
		{C6388B4D-C90C-4A47-A0EC-28517F046F9B}.Debug|x64.ActiveCfg = Debug|Any CPU
		{C6388B4D-C90C-4A47-A0EC-28517F046F9B}.Debug|x64.Build.0 = Debug|Any CPU
		{C6388B4D-C90C-4A47-A0EC-28517F046F9B}.Debug|x86.ActiveCfg = Debug|Any CPU
		{C6388B4D-C90C-4A47-A0EC-28517F046F9B}.Debug|x86.Build.0 = Debug|Any CPU
		{C6388B4D-C90C-4A47-A0EC-28517F046F9B}.Release|Any CPU.ActiveCfg = Release|Any CPU
		{C6388B4D-C90C-4A47-A0EC-28517F046F9B}.Release|Any CPU.Build.0 = Release|Any CPU
		{C6388B4D-C90C-4A47-A0EC-28517F046F9B}.Release|x64.ActiveCfg = Release|Any CPU
		{C6388B4D-C90C-4A47-A0EC-28517F046F9B}.Release|x64.Build.0 = Release|Any CPU
		{C6388B4D-C90C-4A47-A0EC-28517F046F9B}.Release|x86.ActiveCfg = Release|Any CPU
		{C6388B4D-C90C-4A47-A0EC-28517F046F9B}.Release|x86.Build.0 = Release|Any CPU
		{225D81CC-8910-40E2-BB83-1DB69A397368}.Debug|Any CPU.ActiveCfg = Debug|Any CPU
		{225D81CC-8910-40E2-BB83-1DB69A397368}.Debug|Any CPU.Build.0 = Debug|Any CPU
		{225D81CC-8910-40E2-BB83-1DB69A397368}.Debug|x64.ActiveCfg = Debug|Any CPU
		{225D81CC-8910-40E2-BB83-1DB69A397368}.Debug|x64.Build.0 = Debug|Any CPU
		{225D81CC-8910-40E2-BB83-1DB69A397368}.Debug|x86.ActiveCfg = Debug|Any CPU
		{225D81CC-8910-40E2-BB83-1DB69A397368}.Debug|x86.Build.0 = Debug|Any CPU
		{225D81CC-8910-40E2-BB83-1DB69A397368}.Release|Any CPU.ActiveCfg = Release|Any CPU
		{225D81CC-8910-40E2-BB83-1DB69A397368}.Release|Any CPU.Build.0 = Release|Any CPU
		{225D81CC-8910-40E2-BB83-1DB69A397368}.Release|x64.ActiveCfg = Release|Any CPU
		{225D81CC-8910-40E2-BB83-1DB69A397368}.Release|x64.Build.0 = Release|Any CPU
		{225D81CC-8910-40E2-BB83-1DB69A397368}.Release|x86.ActiveCfg = Release|Any CPU
		{225D81CC-8910-40E2-BB83-1DB69A397368}.Release|x86.Build.0 = Release|Any CPU
		{09E6B4D5-55F9-4AAB-8515-A9F24453374A}.Debug|Any CPU.ActiveCfg = Debug|Any CPU
		{09E6B4D5-55F9-4AAB-8515-A9F24453374A}.Debug|Any CPU.Build.0 = Debug|Any CPU
		{09E6B4D5-55F9-4AAB-8515-A9F24453374A}.Debug|x64.ActiveCfg = Debug|Any CPU
		{09E6B4D5-55F9-4AAB-8515-A9F24453374A}.Debug|x64.Build.0 = Debug|Any CPU
		{09E6B4D5-55F9-4AAB-8515-A9F24453374A}.Debug|x86.ActiveCfg = Debug|Any CPU
		{09E6B4D5-55F9-4AAB-8515-A9F24453374A}.Debug|x86.Build.0 = Debug|Any CPU
		{09E6B4D5-55F9-4AAB-8515-A9F24453374A}.Release|Any CPU.ActiveCfg = Release|Any CPU
		{09E6B4D5-55F9-4AAB-8515-A9F24453374A}.Release|Any CPU.Build.0 = Release|Any CPU
		{09E6B4D5-55F9-4AAB-8515-A9F24453374A}.Release|x64.ActiveCfg = Release|Any CPU
		{09E6B4D5-55F9-4AAB-8515-A9F24453374A}.Release|x64.Build.0 = Release|Any CPU
		{09E6B4D5-55F9-4AAB-8515-A9F24453374A}.Release|x86.ActiveCfg = Release|Any CPU
		{09E6B4D5-55F9-4AAB-8515-A9F24453374A}.Release|x86.Build.0 = Release|Any CPU
		{B421B9CD-010F-4235-ABF7-20A66E920472}.Debug|Any CPU.ActiveCfg = Debug|Any CPU
		{B421B9CD-010F-4235-ABF7-20A66E920472}.Debug|Any CPU.Build.0 = Debug|Any CPU
		{B421B9CD-010F-4235-ABF7-20A66E920472}.Debug|x64.ActiveCfg = Debug|Any CPU
		{B421B9CD-010F-4235-ABF7-20A66E920472}.Debug|x64.Build.0 = Debug|Any CPU
		{B421B9CD-010F-4235-ABF7-20A66E920472}.Debug|x86.ActiveCfg = Debug|Any CPU
		{B421B9CD-010F-4235-ABF7-20A66E920472}.Debug|x86.Build.0 = Debug|Any CPU
		{B421B9CD-010F-4235-ABF7-20A66E920472}.Release|Any CPU.ActiveCfg = Release|Any CPU
		{B421B9CD-010F-4235-ABF7-20A66E920472}.Release|Any CPU.Build.0 = Release|Any CPU
		{B421B9CD-010F-4235-ABF7-20A66E920472}.Release|x64.ActiveCfg = Release|Any CPU
		{B421B9CD-010F-4235-ABF7-20A66E920472}.Release|x64.Build.0 = Release|Any CPU
		{B421B9CD-010F-4235-ABF7-20A66E920472}.Release|x86.ActiveCfg = Release|Any CPU
		{B421B9CD-010F-4235-ABF7-20A66E920472}.Release|x86.Build.0 = Release|Any CPU
		{BC9498EC-3423-4B93-9E55-2781DF3AD268}.Debug|Any CPU.ActiveCfg = Debug|Any CPU
		{BC9498EC-3423-4B93-9E55-2781DF3AD268}.Debug|Any CPU.Build.0 = Debug|Any CPU
		{BC9498EC-3423-4B93-9E55-2781DF3AD268}.Debug|x64.ActiveCfg = Debug|Any CPU
		{BC9498EC-3423-4B93-9E55-2781DF3AD268}.Debug|x64.Build.0 = Debug|Any CPU
		{BC9498EC-3423-4B93-9E55-2781DF3AD268}.Debug|x86.ActiveCfg = Debug|Any CPU
		{BC9498EC-3423-4B93-9E55-2781DF3AD268}.Debug|x86.Build.0 = Debug|Any CPU
		{BC9498EC-3423-4B93-9E55-2781DF3AD268}.Release|Any CPU.ActiveCfg = Release|Any CPU
		{BC9498EC-3423-4B93-9E55-2781DF3AD268}.Release|Any CPU.Build.0 = Release|Any CPU
		{BC9498EC-3423-4B93-9E55-2781DF3AD268}.Release|x64.ActiveCfg = Release|Any CPU
		{BC9498EC-3423-4B93-9E55-2781DF3AD268}.Release|x64.Build.0 = Release|Any CPU
		{BC9498EC-3423-4B93-9E55-2781DF3AD268}.Release|x86.ActiveCfg = Release|Any CPU
		{BC9498EC-3423-4B93-9E55-2781DF3AD268}.Release|x86.Build.0 = Release|Any CPU
		{6EF2853D-AB9F-4084-9FC7-680A9ED2FB91}.Debug|Any CPU.ActiveCfg = Debug|Any CPU
		{6EF2853D-AB9F-4084-9FC7-680A9ED2FB91}.Debug|Any CPU.Build.0 = Debug|Any CPU
		{6EF2853D-AB9F-4084-9FC7-680A9ED2FB91}.Debug|x64.ActiveCfg = Debug|Any CPU
		{6EF2853D-AB9F-4084-9FC7-680A9ED2FB91}.Debug|x64.Build.0 = Debug|Any CPU
		{6EF2853D-AB9F-4084-9FC7-680A9ED2FB91}.Debug|x86.ActiveCfg = Debug|Any CPU
		{6EF2853D-AB9F-4084-9FC7-680A9ED2FB91}.Debug|x86.Build.0 = Debug|Any CPU
		{6EF2853D-AB9F-4084-9FC7-680A9ED2FB91}.Release|Any CPU.ActiveCfg = Release|Any CPU
		{6EF2853D-AB9F-4084-9FC7-680A9ED2FB91}.Release|Any CPU.Build.0 = Release|Any CPU
		{6EF2853D-AB9F-4084-9FC7-680A9ED2FB91}.Release|x64.ActiveCfg = Release|Any CPU
		{6EF2853D-AB9F-4084-9FC7-680A9ED2FB91}.Release|x64.Build.0 = Release|Any CPU
		{6EF2853D-AB9F-4084-9FC7-680A9ED2FB91}.Release|x86.ActiveCfg = Release|Any CPU
		{6EF2853D-AB9F-4084-9FC7-680A9ED2FB91}.Release|x86.Build.0 = Release|Any CPU
		{516D990A-3D4F-4FD2-8287-C3BC328B6BDE}.Debug|Any CPU.ActiveCfg = Debug|Any CPU
		{516D990A-3D4F-4FD2-8287-C3BC328B6BDE}.Debug|Any CPU.Build.0 = Debug|Any CPU
		{516D990A-3D4F-4FD2-8287-C3BC328B6BDE}.Debug|x64.ActiveCfg = Debug|Any CPU
		{516D990A-3D4F-4FD2-8287-C3BC328B6BDE}.Debug|x64.Build.0 = Debug|Any CPU
		{516D990A-3D4F-4FD2-8287-C3BC328B6BDE}.Debug|x86.ActiveCfg = Debug|Any CPU
		{516D990A-3D4F-4FD2-8287-C3BC328B6BDE}.Debug|x86.Build.0 = Debug|Any CPU
		{516D990A-3D4F-4FD2-8287-C3BC328B6BDE}.Release|Any CPU.ActiveCfg = Release|Any CPU
		{516D990A-3D4F-4FD2-8287-C3BC328B6BDE}.Release|Any CPU.Build.0 = Release|Any CPU
		{516D990A-3D4F-4FD2-8287-C3BC328B6BDE}.Release|x64.ActiveCfg = Release|Any CPU
		{516D990A-3D4F-4FD2-8287-C3BC328B6BDE}.Release|x64.Build.0 = Release|Any CPU
		{516D990A-3D4F-4FD2-8287-C3BC328B6BDE}.Release|x86.ActiveCfg = Release|Any CPU
		{516D990A-3D4F-4FD2-8287-C3BC328B6BDE}.Release|x86.Build.0 = Release|Any CPU
		{0FD833E9-CD4C-4E5B-8655-B95E40BD2CE6}.Debug|Any CPU.ActiveCfg = Debug|Any CPU
		{0FD833E9-CD4C-4E5B-8655-B95E40BD2CE6}.Debug|Any CPU.Build.0 = Debug|Any CPU
		{0FD833E9-CD4C-4E5B-8655-B95E40BD2CE6}.Debug|x64.ActiveCfg = Debug|Any CPU
		{0FD833E9-CD4C-4E5B-8655-B95E40BD2CE6}.Debug|x64.Build.0 = Debug|Any CPU
		{0FD833E9-CD4C-4E5B-8655-B95E40BD2CE6}.Debug|x86.ActiveCfg = Debug|Any CPU
		{0FD833E9-CD4C-4E5B-8655-B95E40BD2CE6}.Debug|x86.Build.0 = Debug|Any CPU
		{0FD833E9-CD4C-4E5B-8655-B95E40BD2CE6}.Release|Any CPU.ActiveCfg = Release|Any CPU
		{0FD833E9-CD4C-4E5B-8655-B95E40BD2CE6}.Release|Any CPU.Build.0 = Release|Any CPU
		{0FD833E9-CD4C-4E5B-8655-B95E40BD2CE6}.Release|x64.ActiveCfg = Release|Any CPU
		{0FD833E9-CD4C-4E5B-8655-B95E40BD2CE6}.Release|x64.Build.0 = Release|Any CPU
		{0FD833E9-CD4C-4E5B-8655-B95E40BD2CE6}.Release|x86.ActiveCfg = Release|Any CPU
		{0FD833E9-CD4C-4E5B-8655-B95E40BD2CE6}.Release|x86.Build.0 = Release|Any CPU
		{5E521A35-C573-4F87-A767-9A5EC7B91147}.Debug|Any CPU.ActiveCfg = Debug|Any CPU
		{5E521A35-C573-4F87-A767-9A5EC7B91147}.Debug|Any CPU.Build.0 = Debug|Any CPU
		{5E521A35-C573-4F87-A767-9A5EC7B91147}.Debug|x64.ActiveCfg = Debug|Any CPU
		{5E521A35-C573-4F87-A767-9A5EC7B91147}.Debug|x64.Build.0 = Debug|Any CPU
		{5E521A35-C573-4F87-A767-9A5EC7B91147}.Debug|x86.ActiveCfg = Debug|Any CPU
		{5E521A35-C573-4F87-A767-9A5EC7B91147}.Debug|x86.Build.0 = Debug|Any CPU
		{5E521A35-C573-4F87-A767-9A5EC7B91147}.Release|Any CPU.ActiveCfg = Release|Any CPU
		{5E521A35-C573-4F87-A767-9A5EC7B91147}.Release|Any CPU.Build.0 = Release|Any CPU
		{5E521A35-C573-4F87-A767-9A5EC7B91147}.Release|x64.ActiveCfg = Release|Any CPU
		{5E521A35-C573-4F87-A767-9A5EC7B91147}.Release|x64.Build.0 = Release|Any CPU
		{5E521A35-C573-4F87-A767-9A5EC7B91147}.Release|x86.ActiveCfg = Release|Any CPU
		{5E521A35-C573-4F87-A767-9A5EC7B91147}.Release|x86.Build.0 = Release|Any CPU
		{7B992210-92A2-4F2D-8824-57EEA5609E38}.Debug|Any CPU.ActiveCfg = Debug|Any CPU
		{7B992210-92A2-4F2D-8824-57EEA5609E38}.Debug|Any CPU.Build.0 = Debug|Any CPU
		{7B992210-92A2-4F2D-8824-57EEA5609E38}.Debug|x64.ActiveCfg = Debug|Any CPU
		{7B992210-92A2-4F2D-8824-57EEA5609E38}.Debug|x64.Build.0 = Debug|Any CPU
		{7B992210-92A2-4F2D-8824-57EEA5609E38}.Debug|x86.ActiveCfg = Debug|Any CPU
		{7B992210-92A2-4F2D-8824-57EEA5609E38}.Debug|x86.Build.0 = Debug|Any CPU
		{7B992210-92A2-4F2D-8824-57EEA5609E38}.Release|Any CPU.ActiveCfg = Release|Any CPU
		{7B992210-92A2-4F2D-8824-57EEA5609E38}.Release|Any CPU.Build.0 = Release|Any CPU
		{7B992210-92A2-4F2D-8824-57EEA5609E38}.Release|x64.ActiveCfg = Release|Any CPU
		{7B992210-92A2-4F2D-8824-57EEA5609E38}.Release|x64.Build.0 = Release|Any CPU
		{7B992210-92A2-4F2D-8824-57EEA5609E38}.Release|x86.ActiveCfg = Release|Any CPU
		{7B992210-92A2-4F2D-8824-57EEA5609E38}.Release|x86.Build.0 = Release|Any CPU
		{4004C179-5020-441D-90CA-4F566A4B2DA4}.Debug|Any CPU.ActiveCfg = Debug|Any CPU
		{4004C179-5020-441D-90CA-4F566A4B2DA4}.Debug|Any CPU.Build.0 = Debug|Any CPU
		{4004C179-5020-441D-90CA-4F566A4B2DA4}.Debug|x64.ActiveCfg = Debug|Any CPU
		{4004C179-5020-441D-90CA-4F566A4B2DA4}.Debug|x64.Build.0 = Debug|Any CPU
		{4004C179-5020-441D-90CA-4F566A4B2DA4}.Debug|x86.ActiveCfg = Debug|Any CPU
		{4004C179-5020-441D-90CA-4F566A4B2DA4}.Debug|x86.Build.0 = Debug|Any CPU
		{4004C179-5020-441D-90CA-4F566A4B2DA4}.Release|Any CPU.ActiveCfg = Release|Any CPU
		{4004C179-5020-441D-90CA-4F566A4B2DA4}.Release|Any CPU.Build.0 = Release|Any CPU
		{4004C179-5020-441D-90CA-4F566A4B2DA4}.Release|x64.ActiveCfg = Release|Any CPU
		{4004C179-5020-441D-90CA-4F566A4B2DA4}.Release|x64.Build.0 = Release|Any CPU
		{4004C179-5020-441D-90CA-4F566A4B2DA4}.Release|x86.ActiveCfg = Release|Any CPU
		{4004C179-5020-441D-90CA-4F566A4B2DA4}.Release|x86.Build.0 = Release|Any CPU
		{3181D71A-3B80-4C5D-86A8-8D94DDC44CCC}.Debug|Any CPU.ActiveCfg = Debug|Any CPU
		{3181D71A-3B80-4C5D-86A8-8D94DDC44CCC}.Debug|Any CPU.Build.0 = Debug|Any CPU
		{3181D71A-3B80-4C5D-86A8-8D94DDC44CCC}.Debug|x64.ActiveCfg = Debug|Any CPU
		{3181D71A-3B80-4C5D-86A8-8D94DDC44CCC}.Debug|x64.Build.0 = Debug|Any CPU
		{3181D71A-3B80-4C5D-86A8-8D94DDC44CCC}.Debug|x86.ActiveCfg = Debug|Any CPU
		{3181D71A-3B80-4C5D-86A8-8D94DDC44CCC}.Debug|x86.Build.0 = Debug|Any CPU
		{3181D71A-3B80-4C5D-86A8-8D94DDC44CCC}.Release|Any CPU.ActiveCfg = Release|Any CPU
		{3181D71A-3B80-4C5D-86A8-8D94DDC44CCC}.Release|Any CPU.Build.0 = Release|Any CPU
		{3181D71A-3B80-4C5D-86A8-8D94DDC44CCC}.Release|x64.ActiveCfg = Release|Any CPU
		{3181D71A-3B80-4C5D-86A8-8D94DDC44CCC}.Release|x64.Build.0 = Release|Any CPU
		{3181D71A-3B80-4C5D-86A8-8D94DDC44CCC}.Release|x86.ActiveCfg = Release|Any CPU
		{3181D71A-3B80-4C5D-86A8-8D94DDC44CCC}.Release|x86.Build.0 = Release|Any CPU
	EndGlobalSection
	GlobalSection(NestedProjects) = preSolution
		{F4A87084-8008-419B-AAF3-E0A295513C45} = {74290EA3-2F4A-44CD-A0E9-EDF3511C2723}
		{54192226-3E4F-4A2A-A90E-B905D18B5CC0} = {F4A87084-8008-419B-AAF3-E0A295513C45}
		{3E6D6718-1F24-4107-8EF9-B64A6672EC79} = {54192226-3E4F-4A2A-A90E-B905D18B5CC0}
		{16B62142-B633-4769-8E8C-7CE458EA8B7E} = {3E6D6718-1F24-4107-8EF9-B64A6672EC79}
		{95E23DDB-7D5B-4886-A1EE-A7B5C6D84D94} = {54192226-3E4F-4A2A-A90E-B905D18B5CC0}
		{FD71A899-726C-42BF-80CB-D530D9140619} = {95E23DDB-7D5B-4886-A1EE-A7B5C6D84D94}
		{7500B1C3-43DB-4E36-B4C3-B175E8621057} = {54192226-3E4F-4A2A-A90E-B905D18B5CC0}
		{70B9B88C-83E1-470E-B60B-F69A6A1CE694} = {7500B1C3-43DB-4E36-B4C3-B175E8621057}
		{84D0C13F-96C3-4F1F-86D9-B601D962E3AE} = {54192226-3E4F-4A2A-A90E-B905D18B5CC0}
		{945815A5-1411-435B-A6A6-F3DAA0ACA6F9} = {84D0C13F-96C3-4F1F-86D9-B601D962E3AE}
		{643E218F-32AB-4E6C-A6CA-C8057D161432} = {F4A87084-8008-419B-AAF3-E0A295513C45}
		{117683A2-0CDF-4C0C-B0FE-08D5AC024657} = {643E218F-32AB-4E6C-A6CA-C8057D161432}
		{1B237D49-3FB8-47AE-9007-79A958905C4F} = {117683A2-0CDF-4C0C-B0FE-08D5AC024657}
		{7A5D5EE5-C4C7-4D7C-AEDA-03E0AAD6A955} = {643E218F-32AB-4E6C-A6CA-C8057D161432}
		{E9BFFA28-70CC-4AD3-B948-9B4B74FCBE0F} = {7A5D5EE5-C4C7-4D7C-AEDA-03E0AAD6A955}
		{D7B6C4EC-22F8-434A-9EC7-54DA4E5F895F} = {643E218F-32AB-4E6C-A6CA-C8057D161432}
		{CC2702A5-0035-4DA4-AF13-938845460173} = {D7B6C4EC-22F8-434A-9EC7-54DA4E5F895F}
		{1986D55B-DE9D-4A5D-8892-39E056F2EDD3} = {643E218F-32AB-4E6C-A6CA-C8057D161432}
		{94322281-AFCC-4225-8084-DE7A808924A2} = {1986D55B-DE9D-4A5D-8892-39E056F2EDD3}
		{2EE629FE-D1FC-4F98-A609-F6CC430FD2EC} = {F4A87084-8008-419B-AAF3-E0A295513C45}
		{2389D542-8028-468D-994D-597B5EF4FF8D} = {2EE629FE-D1FC-4F98-A609-F6CC430FD2EC}
		{818A6040-3FA1-45E5-A7F0-987CF16C77CC} = {2389D542-8028-468D-994D-597B5EF4FF8D}
		{2A448EC7-1BA6-4154-9255-1410EE8EA118} = {2EE629FE-D1FC-4F98-A609-F6CC430FD2EC}
		{E52949CB-74CA-436E-AF9E-6C0983BD8A18} = {2A448EC7-1BA6-4154-9255-1410EE8EA118}
		{7F7C2BF5-5D4A-4F82-9816-AC9E8DF6D6A0} = {2EE629FE-D1FC-4F98-A609-F6CC430FD2EC}
		{802B2B71-221E-4BE0-AB17-492924D2691F} = {7F7C2BF5-5D4A-4F82-9816-AC9E8DF6D6A0}
		{23CB936D-A630-4550-A61D-CCBB7E33B867} = {2EE629FE-D1FC-4F98-A609-F6CC430FD2EC}
		{7B2D4608-2483-42FE-94B8-2BF378864E9E} = {23CB936D-A630-4550-A61D-CCBB7E33B867}
		{3717EA59-1170-4D4F-9E85-841F4C525BC8} = {F4A87084-8008-419B-AAF3-E0A295513C45}
		{2C387B44-DFA2-4F4E-A6AB-81632E639D01} = {3717EA59-1170-4D4F-9E85-841F4C525BC8}
		{608495B5-588D-44C3-BE3E-106B438F382B} = {3717EA59-1170-4D4F-9E85-841F4C525BC8}
		{91FBF054-C589-4177-BCB9-B996E3D4DADD} = {3717EA59-1170-4D4F-9E85-841F4C525BC8}
		{28A42545-6196-448B-BE3C-DABF5E90B19B} = {91FBF054-C589-4177-BCB9-B996E3D4DADD}
		{C6388B4D-C90C-4A47-A0EC-28517F046F9B} = {2C387B44-DFA2-4F4E-A6AB-81632E639D01}
		{225D81CC-8910-40E2-BB83-1DB69A397368} = {608495B5-588D-44C3-BE3E-106B438F382B}
		{46BD7536-9654-430A-AB6E-25FAE9FF529F} = {3717EA59-1170-4D4F-9E85-841F4C525BC8}
		{09E6B4D5-55F9-4AAB-8515-A9F24453374A} = {46BD7536-9654-430A-AB6E-25FAE9FF529F}
		{3C176620-55AB-4402-B6E0-2BB4E9EF1145} = {F4A87084-8008-419B-AAF3-E0A295513C45}
		{7448D639-29D8-49D4-BFBC-1DFDAC775D6E} = {3C176620-55AB-4402-B6E0-2BB4E9EF1145}
		{B421B9CD-010F-4235-ABF7-20A66E920472} = {7448D639-29D8-49D4-BFBC-1DFDAC775D6E}
		{78BD9FF8-AD67-4DD1-8F48-D272A5A7A8B2} = {3C176620-55AB-4402-B6E0-2BB4E9EF1145}
		{BC9498EC-3423-4B93-9E55-2781DF3AD268} = {78BD9FF8-AD67-4DD1-8F48-D272A5A7A8B2}
		{30AB39E3-4EFB-4C08-AFB9-DC5974D860FD} = {3C176620-55AB-4402-B6E0-2BB4E9EF1145}
		{A2845013-99CC-4063-9B8A-9BA55712327B} = {3C176620-55AB-4402-B6E0-2BB4E9EF1145}
		{6EF2853D-AB9F-4084-9FC7-680A9ED2FB91} = {A2845013-99CC-4063-9B8A-9BA55712327B}
		{516D990A-3D4F-4FD2-8287-C3BC328B6BDE} = {30AB39E3-4EFB-4C08-AFB9-DC5974D860FD}
		{C9D4C8A5-05E6-4AAB-A573-66728CC6CE96} = {B0966620-981B-45DC-8062-562BEAAA200A}
		{FB864CD0-4EA9-451E-9109-98E565CB9245} = {C9D4C8A5-05E6-4AAB-A573-66728CC6CE96}
		{0FD833E9-CD4C-4E5B-8655-B95E40BD2CE6} = {FB864CD0-4EA9-451E-9109-98E565CB9245}
		{C486114B-A653-4586-A63D-5EF1CE6B9F98} = {C9D4C8A5-05E6-4AAB-A573-66728CC6CE96}
		{5E521A35-C573-4F87-A767-9A5EC7B91147} = {C486114B-A653-4586-A63D-5EF1CE6B9F98}
		{08889FBE-C066-498A-A223-31C2FAB76178} = {C9D4C8A5-05E6-4AAB-A573-66728CC6CE96}
		{7B992210-92A2-4F2D-8824-57EEA5609E38} = {08889FBE-C066-498A-A223-31C2FAB76178}
		{1AA5F0B0-49CE-4A6F-A443-BFBBB0BF3FB0} = {C9D4C8A5-05E6-4AAB-A573-66728CC6CE96}
		{4004C179-5020-441D-90CA-4F566A4B2DA4} = {1AA5F0B0-49CE-4A6F-A443-BFBBB0BF3FB0}
		{9FBFCD4A-5CA8-405F-8942-65208D88D9B1} = {C9D4C8A5-05E6-4AAB-A573-66728CC6CE96}
		{3181D71A-3B80-4C5D-86A8-8D94DDC44CCC} = {9FBFCD4A-5CA8-405F-8942-65208D88D9B1}
	EndGlobalSection
EndGlobal
